
Microsoft Visual Studio Solution File, Format Version 12.00
# Visual Studio Version 17
VisualStudioVersion = 17.9.34723.18
MinimumVisualStudioVersion = 10.0.40219.1
Project("{FAE04EC0-301F-11D3-BF4B-00C04F79EFBC}") = "JogoDaVelha", "JogoDaVelha\JogoDaVelha.csproj", "{B84B2FB8-851A-44D5-9D89-909FB3D5F859}"
EndProject
Global
	GlobalSection(SolutionConfigurationPlatforms) = preSolution
		Debug|Any CPU = Debug|Any CPU
		Release|Any CPU = Release|Any CPU
	EndGlobalSection
	GlobalSection(ProjectConfigurationPlatforms) = postSolution
		{B84B2FB8-851A-44D5-9D89-909FB3D5F859}.Debug|Any CPU.ActiveCfg = Debug|Any CPU
		{B84B2FB8-851A-44D5-9D89-909FB3D5F859}.Debug|Any CPU.Build.0 = Debug|Any CPU
		{B84B2FB8-851A-44D5-9D89-909FB3D5F859}.Release|Any CPU.ActiveCfg = Release|Any CPU
		{B84B2FB8-851A-44D5-9D89-909FB3D5F859}.Release|Any CPU.Build.0 = Release|Any CPU
	EndGlobalSection
	GlobalSection(SolutionProperties) = preSolution
		HideSolutionNode = FALSE
	EndGlobalSection
	GlobalSection(ExtensibilityGlobals) = postSolution
		SolutionGuid = {C4E31AF2-2376-4293-BE86-B9924759E72A}
	EndGlobalSection
EndGlobal
